// !$*UTF8*$!
{
	archiveVersion = 1;
	classes = {
	};
	objectVersion = 46;
	objects = {

/* Begin PBXBuildFile section */
		79566D666A9C322ECB740DD6 /* Pods_MovieTests.framework in Frameworks */ = {isa = PBXBuildFile; fileRef = FB8AEF1C643FE67ED5D74867 /* Pods_MovieTests.framework */; };
		E31071493F20DECEC1D98F44 /* Pods_Movie.framework in Frameworks */ = {isa = PBXBuildFile; fileRef = 3E4E7A13311580B1F1B5F4B6 /* Pods_Movie.framework */; };
		FA7E80DF1E56DB7F00613AAE /* AppDelegate.swift in Sources */ = {isa = PBXBuildFile; fileRef = FA7E80DE1E56DB7F00613AAE /* AppDelegate.swift */; };
		FA7E80F41E56DB7F00613AAE /* MovieTests.swift in Sources */ = {isa = PBXBuildFile; fileRef = FA7E80F31E56DB7F00613AAE /* MovieTests.swift */; };
		FAFDCE0F1E63E3D000A1924C /* Assets.xcassets in Resources */ = {isa = PBXBuildFile; fileRef = FAFDCE0D1E63E3D000A1924C /* Assets.xcassets */; };
		FAFDCE131E63E51900A1924C /* MovieListViewController.swift in Sources */ = {isa = PBXBuildFile; fileRef = FAFDCE121E63E51900A1924C /* MovieListViewController.swift */; };
		FAFDCE1A1E63E67500A1924C /* LaunchScreen.storyboard in Resources */ = {isa = PBXBuildFile; fileRef = FAFDCE181E63E67500A1924C /* LaunchScreen.storyboard */; };
		FAFF5A961E6EBC000069312E /* MovieListTableViewCell.swift in Sources */ = {isa = PBXBuildFile; fileRef = FAFF5A951E6EBC000069312E /* MovieListTableViewCell.swift */; };
		FAFF5A981E6F99DC0069312E /* Movie.swift in Sources */ = {isa = PBXBuildFile; fileRef = FAFF5A971E6F99DC0069312E /* Movie.swift */; };
/* End PBXBuildFile section */

/* Begin PBXContainerItemProxy section */
		FA7E80F01E56DB7F00613AAE /* PBXContainerItemProxy */ = {
			isa = PBXContainerItemProxy;
			containerPortal = FA7E80D31E56DB7F00613AAE /* Project object */;
			proxyType = 1;
			remoteGlobalIDString = FA7E80DA1E56DB7F00613AAE;
			remoteInfo = Movie;
		};
/* End PBXContainerItemProxy section */

/* Begin PBXFileReference section */
		19AD7910FE4574311B020CE4 /* Pods-Movie.release.xcconfig */ = {isa = PBXFileReference; includeInIndex = 1; lastKnownFileType = text.xcconfig; name = "Pods-Movie.release.xcconfig"; path = "Pods/Target Support Files/Pods-Movie/Pods-Movie.release.xcconfig"; sourceTree = "<group>"; };
		335C43ECA28FF2A091FE8635 /* Pods-MovieTests.debug.xcconfig */ = {isa = PBXFileReference; includeInIndex = 1; lastKnownFileType = text.xcconfig; name = "Pods-MovieTests.debug.xcconfig"; path = "Pods/Target Support Files/Pods-MovieTests/Pods-MovieTests.debug.xcconfig"; sourceTree = "<group>"; };
		3E4E7A13311580B1F1B5F4B6 /* Pods_Movie.framework */ = {isa = PBXFileReference; explicitFileType = wrapper.framework; includeInIndex = 0; path = Pods_Movie.framework; sourceTree = BUILT_PRODUCTS_DIR; };
		867AF655F8715CAC1047D605 /* Pods-MovieTests.release.xcconfig */ = {isa = PBXFileReference; includeInIndex = 1; lastKnownFileType = text.xcconfig; name = "Pods-MovieTests.release.xcconfig"; path = "Pods/Target Support Files/Pods-MovieTests/Pods-MovieTests.release.xcconfig"; sourceTree = "<group>"; };
		DABDEABEEEDB872AEF8500FF /* Pods-Movie.debug.xcconfig */ = {isa = PBXFileReference; includeInIndex = 1; lastKnownFileType = text.xcconfig; name = "Pods-Movie.debug.xcconfig"; path = "Pods/Target Support Files/Pods-Movie/Pods-Movie.debug.xcconfig"; sourceTree = "<group>"; };
		FA7E80DB1E56DB7F00613AAE /* Movie.app */ = {isa = PBXFileReference; explicitFileType = wrapper.application; includeInIndex = 0; path = Movie.app; sourceTree = BUILT_PRODUCTS_DIR; };
		FA7E80DE1E56DB7F00613AAE /* AppDelegate.swift */ = {isa = PBXFileReference; lastKnownFileType = sourcecode.swift; path = AppDelegate.swift; sourceTree = "<group>"; };
		FA7E80EA1E56DB7F00613AAE /* Info.plist */ = {isa = PBXFileReference; lastKnownFileType = text.plist.xml; path = Info.plist; sourceTree = "<group>"; };
		FA7E80EF1E56DB7F00613AAE /* MovieTests.xctest */ = {isa = PBXFileReference; explicitFileType = wrapper.cfbundle; includeInIndex = 0; path = MovieTests.xctest; sourceTree = BUILT_PRODUCTS_DIR; };
		FA7E80F31E56DB7F00613AAE /* MovieTests.swift */ = {isa = PBXFileReference; lastKnownFileType = sourcecode.swift; path = MovieTests.swift; sourceTree = "<group>"; };
		FA7E80F51E56DB7F00613AAE /* Info.plist */ = {isa = PBXFileReference; lastKnownFileType = text.plist.xml; path = Info.plist; sourceTree = "<group>"; };
		FAFDCE0D1E63E3D000A1924C /* Assets.xcassets */ = {isa = PBXFileReference; lastKnownFileType = folder.assetcatalog; name = Assets.xcassets; path = Resources/Assets.xcassets; sourceTree = "<group>"; };
		FAFDCE121E63E51900A1924C /* MovieListViewController.swift */ = {isa = PBXFileReference; fileEncoding = 4; lastKnownFileType = sourcecode.swift; name = MovieListViewController.swift; path = Modules/Movies/ViewControllers/MovieListViewController.swift; sourceTree = "<group>"; };
		FAFDCE191E63E67500A1924C /* Base */ = {isa = PBXFileReference; lastKnownFileType = file.storyboard; name = Base; path = Resources/Base.lproj/LaunchScreen.storyboard; sourceTree = "<group>"; };
		FAFF5A951E6EBC000069312E /* MovieListTableViewCell.swift */ = {isa = PBXFileReference; fileEncoding = 4; lastKnownFileType = sourcecode.swift; name = MovieListTableViewCell.swift; path = Modules/Movies/ViewControllers/MovieListTableViewCell.swift; sourceTree = "<group>"; };
		FAFF5A971E6F99DC0069312E /* Movie.swift */ = {isa = PBXFileReference; fileEncoding = 4; lastKnownFileType = sourcecode.swift; name = Movie.swift; path = Modules/Movies/Models/Movie.swift; sourceTree = "<group>"; };
		FB8AEF1C643FE67ED5D74867 /* Pods_MovieTests.framework */ = {isa = PBXFileReference; explicitFileType = wrapper.framework; includeInIndex = 0; path = Pods_MovieTests.framework; sourceTree = BUILT_PRODUCTS_DIR; };
/* End PBXFileReference section */

/* Begin PBXFrameworksBuildPhase section */
		FA7E80D81E56DB7F00613AAE /* Frameworks */ = {
			isa = PBXFrameworksBuildPhase;
			buildActionMask = 2147483647;
			files = (
				E31071493F20DECEC1D98F44 /* Pods_Movie.framework in Frameworks */,
			);
			runOnlyForDeploymentPostprocessing = 0;
		};
		FA7E80EC1E56DB7F00613AAE /* Frameworks */ = {
			isa = PBXFrameworksBuildPhase;
			buildActionMask = 2147483647;
			files = (
				79566D666A9C322ECB740DD6 /* Pods_MovieTests.framework in Frameworks */,
			);
			runOnlyForDeploymentPostprocessing = 0;
		};
/* End PBXFrameworksBuildPhase section */

/* Begin PBXGroup section */
		09A04122E8095CBE435B41DC /* Frameworks */ = {
			isa = PBXGroup;
			children = (
				3E4E7A13311580B1F1B5F4B6 /* Pods_Movie.framework */,
				FB8AEF1C643FE67ED5D74867 /* Pods_MovieTests.framework */,
			);
			name = Frameworks;
			sourceTree = "<group>";
		};
		273D37D30D75012FA5A1C8D3 /* Pods */ = {
			isa = PBXGroup;
			children = (
				DABDEABEEEDB872AEF8500FF /* Pods-Movie.debug.xcconfig */,
				19AD7910FE4574311B020CE4 /* Pods-Movie.release.xcconfig */,
				335C43ECA28FF2A091FE8635 /* Pods-MovieTests.debug.xcconfig */,
				867AF655F8715CAC1047D605 /* Pods-MovieTests.release.xcconfig */,
			);
			name = Pods;
			sourceTree = "<group>";
		};
		FA7E80D21E56DB7F00613AAE = {
			isa = PBXGroup;
			children = (
				FA7E80DD1E56DB7F00613AAE /* Movie */,
				FA7E80F21E56DB7F00613AAE /* MovieTests */,
				FA7E80DC1E56DB7F00613AAE /* Products */,
				273D37D30D75012FA5A1C8D3 /* Pods */,
				09A04122E8095CBE435B41DC /* Frameworks */,
			);
			sourceTree = "<group>";
		};
		FA7E80DC1E56DB7F00613AAE /* Products */ = {
			isa = PBXGroup;
			children = (
				FA7E80DB1E56DB7F00613AAE /* Movie.app */,
				FA7E80EF1E56DB7F00613AAE /* MovieTests.xctest */,
			);
			name = Products;
			sourceTree = "<group>";
		};
		FA7E80DD1E56DB7F00613AAE /* Movie */ = {
			isa = PBXGroup;
			children = (
				FAFDCE111E63E40A00A1924C /* Modules */,
				FAFDCE0C1E63E35000A1924C /* Resources */,
				FA7E80DE1E56DB7F00613AAE /* AppDelegate.swift */,
				FA7E80EA1E56DB7F00613AAE /* Info.plist */,
			);
			path = Movie;
			sourceTree = "<group>";
		};
		FA7E80F21E56DB7F00613AAE /* MovieTests */ = {
			isa = PBXGroup;
			children = (
				FA7E80F31E56DB7F00613AAE /* MovieTests.swift */,
				FA7E80F51E56DB7F00613AAE /* Info.plist */,
			);
			path = MovieTests;
			sourceTree = "<group>";
		};
		FAFDCE0C1E63E35000A1924C /* Resources */ = {
			isa = PBXGroup;
			children = (
				FAFDCE181E63E67500A1924C /* LaunchScreen.storyboard */,
				FAFDCE0D1E63E3D000A1924C /* Assets.xcassets */,
			);
			name = Resources;
			sourceTree = "<group>";
		};
		FAFDCE111E63E40A00A1924C /* Modules */ = {
			isa = PBXGroup;
			children = (
				FAFDCE141E63E52200A1924C /* Movies */,
			);
			name = Modules;
			sourceTree = "<group>";
		};
		FAFDCE141E63E52200A1924C /* Movies */ = {
			isa = PBXGroup;
			children = (
				FAFF5A941E6EABAE0069312E /* Models */,
				FAFDCE151E63E52A00A1924C /* ViewControllers */,
			);
			name = Movies;
			sourceTree = "<group>";
		};
		FAFDCE151E63E52A00A1924C /* ViewControllers */ = {
			isa = PBXGroup;
			children = (
				FAFDCE121E63E51900A1924C /* MovieListViewController.swift */,
				FAFF5A951E6EBC000069312E /* MovieListTableViewCell.swift */,
			);
			name = ViewControllers;
			sourceTree = "<group>";
		};
		FAFF5A941E6EABAE0069312E /* Models */ = {
			isa = PBXGroup;
			children = (
				FAFF5A971E6F99DC0069312E /* Movie.swift */,
			);
			name = Models;
			sourceTree = "<group>";
		};
/* End PBXGroup section */

/* Begin PBXNativeTarget section */
		FA7E80DA1E56DB7F00613AAE /* Movie */ = {
			isa = PBXNativeTarget;
			buildConfigurationList = FA7E80F81E56DB7F00613AAE /* Build configuration list for PBXNativeTarget "Movie" */;
			buildPhases = (
				122755C76AE3CDFD4C5F09EF /* [CP] Check Pods Manifest.lock */,
				FA7E80D71E56DB7F00613AAE /* Sources */,
				FA7E80D81E56DB7F00613AAE /* Frameworks */,
				FA7E80D91E56DB7F00613AAE /* Resources */,
				528E60F66E55352AB870C156 /* [CP] Embed Pods Frameworks */,
				E412497294477A66AD16673F /* [CP] Copy Pods Resources */,
			);
			buildRules = (
			);
			dependencies = (
			);
			name = Movie;
			productName = Movie;
			productReference = FA7E80DB1E56DB7F00613AAE /* Movie.app */;
			productType = "com.apple.product-type.application";
		};
		FA7E80EE1E56DB7F00613AAE /* MovieTests */ = {
			isa = PBXNativeTarget;
			buildConfigurationList = FA7E80FB1E56DB7F00613AAE /* Build configuration list for PBXNativeTarget "MovieTests" */;
			buildPhases = (
				11B5A2864C6AC0675CFDB59D /* [CP] Check Pods Manifest.lock */,
				FA7E80EB1E56DB7F00613AAE /* Sources */,
				FA7E80EC1E56DB7F00613AAE /* Frameworks */,
				FA7E80ED1E56DB7F00613AAE /* Resources */,
				D8E0654E7CB296087802AA84 /* [CP] Embed Pods Frameworks */,
				9EEBA9CACFD9989C0B549ACA /* [CP] Copy Pods Resources */,
			);
			buildRules = (
			);
			dependencies = (
				FA7E80F11E56DB7F00613AAE /* PBXTargetDependency */,
			);
			name = MovieTests;
			productName = MovieTests;
			productReference = FA7E80EF1E56DB7F00613AAE /* MovieTests.xctest */;
			productType = "com.apple.product-type.bundle.unit-test";
		};
/* End PBXNativeTarget section */

/* Begin PBXProject section */
		FA7E80D31E56DB7F00613AAE /* Project object */ = {
			isa = PBXProject;
			attributes = {
				LastSwiftUpdateCheck = 0820;
				LastUpgradeCheck = 0820;
				ORGANIZATIONNAME = Allen;
				TargetAttributes = {
					FA7E80DA1E56DB7F00613AAE = {
						CreatedOnToolsVersion = 8.2.1;
						DevelopmentTeam = JX5LFX27DB;
						ProvisioningStyle = Automatic;
					};
					FA7E80EE1E56DB7F00613AAE = {
						CreatedOnToolsVersion = 8.2.1;
						DevelopmentTeam = JX5LFX27DB;
						ProvisioningStyle = Automatic;
						TestTargetID = FA7E80DA1E56DB7F00613AAE;
					};
				};
			};
			buildConfigurationList = FA7E80D61E56DB7F00613AAE /* Build configuration list for PBXProject "Movie" */;
			compatibilityVersion = "Xcode 3.2";
			developmentRegion = English;
			hasScannedForEncodings = 0;
			knownRegions = (
				en,
				Base,
			);
			mainGroup = FA7E80D21E56DB7F00613AAE;
			productRefGroup = FA7E80DC1E56DB7F00613AAE /* Products */;
			projectDirPath = "";
			projectRoot = "";
			targets = (
				FA7E80DA1E56DB7F00613AAE /* Movie */,
				FA7E80EE1E56DB7F00613AAE /* MovieTests */,
			);
		};
/* End PBXProject section */

/* Begin PBXResourcesBuildPhase section */
		FA7E80D91E56DB7F00613AAE /* Resources */ = {
			isa = PBXResourcesBuildPhase;
			buildActionMask = 2147483647;
			files = (
				FAFDCE0F1E63E3D000A1924C /* Assets.xcassets in Resources */,
				FAFDCE1A1E63E67500A1924C /* LaunchScreen.storyboard in Resources */,
			);
			runOnlyForDeploymentPostprocessing = 0;
		};
		FA7E80ED1E56DB7F00613AAE /* Resources */ = {
			isa = PBXResourcesBuildPhase;
			buildActionMask = 2147483647;
			files = (
			);
			runOnlyForDeploymentPostprocessing = 0;
		};
/* End PBXResourcesBuildPhase section */

/* Begin PBXShellScriptBuildPhase section */
		11B5A2864C6AC0675CFDB59D /* [CP] Check Pods Manifest.lock */ = {
			isa = PBXShellScriptBuildPhase;
			buildActionMask = 2147483647;
			files = (
			);
			inputPaths = (
			);
			name = "[CP] Check Pods Manifest.lock";
			outputPaths = (
			);
			runOnlyForDeploymentPostprocessing = 0;
			shellPath = /bin/sh;
			shellScript = "diff \"${PODS_ROOT}/../Podfile.lock\" \"${PODS_ROOT}/Manifest.lock\" > /dev/null\nif [ $? != 0 ] ; then\n    # print error to STDERR\n    echo \"error: The sandbox is not in sync with the Podfile.lock. Run 'pod install' or update your CocoaPods installation.\" >&2\n    exit 1\nfi\n";
			showEnvVarsInLog = 0;
		};
		122755C76AE3CDFD4C5F09EF /* [CP] Check Pods Manifest.lock */ = {
			isa = PBXShellScriptBuildPhase;
			buildActionMask = 2147483647;
			files = (
			);
			inputPaths = (
			);
			name = "[CP] Check Pods Manifest.lock";
			outputPaths = (
			);
			runOnlyForDeploymentPostprocessing = 0;
			shellPath = /bin/sh;
			shellScript = "diff \"${PODS_ROOT}/../Podfile.lock\" \"${PODS_ROOT}/Manifest.lock\" > /dev/null\nif [ $? != 0 ] ; then\n    # print error to STDERR\n    echo \"error: The sandbox is not in sync with the Podfile.lock. Run 'pod install' or update your CocoaPods installation.\" >&2\n    exit 1\nfi\n";
			showEnvVarsInLog = 0;
		};
		528E60F66E55352AB870C156 /* [CP] Embed Pods Frameworks */ = {
			isa = PBXShellScriptBuildPhase;
			buildActionMask = 2147483647;
			files = (
			);
			inputPaths = (
			);
			name = "[CP] Embed Pods Frameworks";
			outputPaths = (
			);
			runOnlyForDeploymentPostprocessing = 0;
			shellPath = /bin/sh;
			shellScript = "\"${SRCROOT}/Pods/Target Support Files/Pods-Movie/Pods-Movie-frameworks.sh\"\n";
			showEnvVarsInLog = 0;
		};
		9EEBA9CACFD9989C0B549ACA /* [CP] Copy Pods Resources */ = {
			isa = PBXShellScriptBuildPhase;
			buildActionMask = 2147483647;
			files = (
			);
			inputPaths = (
			);
			name = "[CP] Copy Pods Resources";
			outputPaths = (
			);
			runOnlyForDeploymentPostprocessing = 0;
			shellPath = /bin/sh;
			shellScript = "\"${SRCROOT}/Pods/Target Support Files/Pods-MovieTests/Pods-MovieTests-resources.sh\"\n";
			showEnvVarsInLog = 0;
		};
		D8E0654E7CB296087802AA84 /* [CP] Embed Pods Frameworks */ = {
			isa = PBXShellScriptBuildPhase;
			buildActionMask = 2147483647;
			files = (
			);
			inputPaths = (
			);
			name = "[CP] Embed Pods Frameworks";
			outputPaths = (
			);
			runOnlyForDeploymentPostprocessing = 0;
			shellPath = /bin/sh;
			shellScript = "\"${SRCROOT}/Pods/Target Support Files/Pods-MovieTests/Pods-MovieTests-frameworks.sh\"\n";
			showEnvVarsInLog = 0;
		};
		E412497294477A66AD16673F /* [CP] Copy Pods Resources */ = {
			isa = PBXShellScriptBuildPhase;
			buildActionMask = 2147483647;
			files = (
			);
			inputPaths = (
			);
			name = "[CP] Copy Pods Resources";
			outputPaths = (
			);
			runOnlyForDeploymentPostprocessing = 0;
			shellPath = /bin/sh;
			shellScript = "\"${SRCROOT}/Pods/Target Support Files/Pods-Movie/Pods-Movie-resources.sh\"\n";
			showEnvVarsInLog = 0;
		};
/* End PBXShellScriptBuildPhase section */

/* Begin PBXSourcesBuildPhase section */
		FA7E80D71E56DB7F00613AAE /* Sources */ = {
			isa = PBXSourcesBuildPhase;
			buildActionMask = 2147483647;
			files = (
				FA7E80DF1E56DB7F00613AAE /* AppDelegate.swift in Sources */,
				FAFF5A961E6EBC000069312E /* MovieListTableViewCell.swift in Sources */,
				FAFF5A981E6F99DC0069312E /* Movie.swift in Sources */,
				FAFDCE131E63E51900A1924C /* MovieListViewController.swift in Sources */,
			);
			runOnlyForDeploymentPostprocessing = 0;
		};
		FA7E80EB1E56DB7F00613AAE /* Sources */ = {
			isa = PBXSourcesBuildPhase;
			buildActionMask = 2147483647;
			files = (
				FA7E80F41E56DB7F00613AAE /* MovieTests.swift in Sources */,
			);
			runOnlyForDeploymentPostprocessing = 0;
		};
/* End PBXSourcesBuildPhase section */

/* Begin PBXTargetDependency section */
		FA7E80F11E56DB7F00613AAE /* PBXTargetDependency */ = {
			isa = PBXTargetDependency;
			target = FA7E80DA1E56DB7F00613AAE /* Movie */;
			targetProxy = FA7E80F01E56DB7F00613AAE /* PBXContainerItemProxy */;
		};
/* End PBXTargetDependency section */

/* Begin PBXVariantGroup section */
		FAFDCE181E63E67500A1924C /* LaunchScreen.storyboard */ = {
			isa = PBXVariantGroup;
			children = (
				FAFDCE191E63E67500A1924C /* Base */,
			);
			name = LaunchScreen.storyboard;
			sourceTree = "<group>";
		};
/* End PBXVariantGroup section */

/* Begin XCBuildConfiguration section */
		FA7E80F61E56DB7F00613AAE /* Debug */ = {
			isa = XCBuildConfiguration;
			buildSettings = {
				ALWAYS_SEARCH_USER_PATHS = NO;
				CLANG_ANALYZER_NONNULL = YES;
				CLANG_CXX_LANGUAGE_STANDARD = "gnu++0x";
				CLANG_CXX_LIBRARY = "libc++";
				CLANG_ENABLE_MODULES = YES;
				CLANG_ENABLE_OBJC_ARC = YES;
				CLANG_WARN_BOOL_CONVERSION = YES;
				CLANG_WARN_CONSTANT_CONVERSION = YES;
				CLANG_WARN_DIRECT_OBJC_ISA_USAGE = YES_ERROR;
				CLANG_WARN_DOCUMENTATION_COMMENTS = YES;
				CLANG_WARN_EMPTY_BODY = YES;
				CLANG_WARN_ENUM_CONVERSION = YES;
				CLANG_WARN_INFINITE_RECURSION = YES;
				CLANG_WARN_INT_CONVERSION = YES;
				CLANG_WARN_OBJC_ROOT_CLASS = YES_ERROR;
				CLANG_WARN_SUSPICIOUS_MOVE = YES;
				CLANG_WARN_UNREACHABLE_CODE = YES;
				CLANG_WARN__DUPLICATE_METHOD_MATCH = YES;
				"CODE_SIGN_IDENTITY[sdk=iphoneos*]" = "iPhone Developer";
				COPY_PHASE_STRIP = NO;
				DEBUG_INFORMATION_FORMAT = dwarf;
				ENABLE_STRICT_OBJC_MSGSEND = YES;
				ENABLE_TESTABILITY = YES;
				GCC_C_LANGUAGE_STANDARD = gnu99;
				GCC_DYNAMIC_NO_PIC = NO;
				GCC_NO_COMMON_BLOCKS = YES;
				GCC_OPTIMIZATION_LEVEL = 0;
				GCC_PREPROCESSOR_DEFINITIONS = (
					"DEBUG=1",
					"$(inherited)",
				);
				GCC_WARN_64_TO_32_BIT_CONVERSION = YES;
				GCC_WARN_ABOUT_RETURN_TYPE = YES_ERROR;
				GCC_WARN_UNDECLARED_SELECTOR = YES;
				GCC_WARN_UNINITIALIZED_AUTOS = YES_AGGRESSIVE;
				GCC_WARN_UNUSED_FUNCTION = YES;
				GCC_WARN_UNUSED_VARIABLE = YES;
				IPHONEOS_DEPLOYMENT_TARGET = 10.2;
				MTL_ENABLE_DEBUG_INFO = YES;
				ONLY_ACTIVE_ARCH = YES;
				SDKROOT = iphoneos;
				SWIFT_ACTIVE_COMPILATION_CONDITIONS = DEBUG;
				SWIFT_OPTIMIZATION_LEVEL = "-Onone";
				TARGETED_DEVICE_FAMILY = "1,2";
			};
			name = Debug;
		};
		FA7E80F71E56DB7F00613AAE /* Release */ = {
			isa = XCBuildConfiguration;
			buildSettings = {
				ALWAYS_SEARCH_USER_PATHS = NO;
				CLANG_ANALYZER_NONNULL = YES;
				CLANG_CXX_LANGUAGE_STANDARD = "gnu++0x";
				CLANG_CXX_LIBRARY = "libc++";
				CLANG_ENABLE_MODULES = YES;
				CLANG_ENABLE_OBJC_ARC = YES;
				CLANG_WARN_BOOL_CONVERSION = YES;
				CLANG_WARN_CONSTANT_CONVERSION = YES;
				CLANG_WARN_DIRECT_OBJC_ISA_USAGE = YES_ERROR;
				CLANG_WARN_DOCUMENTATION_COMMENTS = YES;
				CLANG_WARN_EMPTY_BODY = YES;
				CLANG_WARN_ENUM_CONVERSION = YES;
				CLANG_WARN_INFINITE_RECURSION = YES;
				CLANG_WARN_INT_CONVERSION = YES;
				CLANG_WARN_OBJC_ROOT_CLASS = YES_ERROR;
				CLANG_WARN_SUSPICIOUS_MOVE = YES;
				CLANG_WARN_UNREACHABLE_CODE = YES;
				CLANG_WARN__DUPLICATE_METHOD_MATCH = YES;
				"CODE_SIGN_IDENTITY[sdk=iphoneos*]" = "iPhone Developer";
				COPY_PHASE_STRIP = NO;
				DEBUG_INFORMATION_FORMAT = "dwarf-with-dsym";
				ENABLE_NS_ASSERTIONS = NO;
				ENABLE_STRICT_OBJC_MSGSEND = YES;
				GCC_C_LANGUAGE_STANDARD = gnu99;
				GCC_NO_COMMON_BLOCKS = YES;
				GCC_WARN_64_TO_32_BIT_CONVERSION = YES;
				GCC_WARN_ABOUT_RETURN_TYPE = YES_ERROR;
				GCC_WARN_UNDECLARED_SELECTOR = YES;
				GCC_WARN_UNINITIALIZED_AUTOS = YES_AGGRESSIVE;
				GCC_WARN_UNUSED_FUNCTION = YES;
				GCC_WARN_UNUSED_VARIABLE = YES;
				IPHONEOS_DEPLOYMENT_TARGET = 10.2;
				MTL_ENABLE_DEBUG_INFO = NO;
				SDKROOT = iphoneos;
				SWIFT_OPTIMIZATION_LEVEL = "-Owholemodule";
				TARGETED_DEVICE_FAMILY = "1,2";
				VALIDATE_PRODUCT = YES;
			};
			name = Release;
		};
		FA7E80F91E56DB7F00613AAE /* Debug */ = {
			isa = XCBuildConfiguration;
			baseConfigurationReference = DABDEABEEEDB872AEF8500FF /* Pods-Movie.debug.xcconfig */;
			buildSettings = {
				ALWAYS_EMBED_SWIFT_STANDARD_LIBRARIES = "$(inherited)";
				ASSETCATALOG_COMPILER_APPICON_NAME = AppIcon;
				DEVELOPMENT_TEAM = JX5LFX27DB;
				INFOPLIST_FILE = Movie/Info.plist;
				LD_RUNPATH_SEARCH_PATHS = "$(inherited) @executable_path/Frameworks";
				PRODUCT_BUNDLE_IDENTIFIER = com.allen.Movie;
				PRODUCT_NAME = "$(TARGET_NAME)";
				SWIFT_VERSION = 3.0;
			};
			name = Debug;
		};
		FA7E80FA1E56DB7F00613AAE /* Release */ = {
			isa = XCBuildConfiguration;
			baseConfigurationReference = 19AD7910FE4574311B020CE4 /* Pods-Movie.release.xcconfig */;
			buildSettings = {
				ALWAYS_EMBED_SWIFT_STANDARD_LIBRARIES = "$(inherited)";
				ASSETCATALOG_COMPILER_APPICON_NAME = AppIcon;
				DEVELOPMENT_TEAM = JX5LFX27DB;
				INFOPLIST_FILE = Movie/Info.plist;
				LD_RUNPATH_SEARCH_PATHS = "$(inherited) @executable_path/Frameworks";
				PRODUCT_BUNDLE_IDENTIFIER = com.allen.Movie;
				PRODUCT_NAME = "$(TARGET_NAME)";
				SWIFT_VERSION = 3.0;
			};
			name = Release;
		};
		FA7E80FC1E56DB7F00613AAE /* Debug */ = {
			isa = XCBuildConfiguration;
			baseConfigurationReference = 335C43ECA28FF2A091FE8635 /* Pods-MovieTests.debug.xcconfig */;
			buildSettings = {
				ALWAYS_EMBED_SWIFT_STANDARD_LIBRARIES = "$(inherited)";
				BUNDLE_LOADER = "$(TEST_HOST)";
				DEVELOPMENT_TEAM = JX5LFX27DB;
				INFOPLIST_FILE = MovieTests/Info.plist;
				LD_RUNPATH_SEARCH_PATHS = "$(inherited) @executable_path/Frameworks @loader_path/Frameworks";
				PRODUCT_BUNDLE_IDENTIFIER = com.allen.MovieTests;
				PRODUCT_NAME = "$(TARGET_NAME)";
				SWIFT_VERSION = 3.0;
				TEST_HOST = "$(BUILT_PRODUCTS_DIR)/Movie.app/Movie";
			};
			name = Debug;
		};
		FA7E80FD1E56DB7F00613AAE /* Release */ = {
			isa = XCBuildConfiguration;
			baseConfigurationReference = 867AF655F8715CAC1047D605 /* Pods-MovieTests.release.xcconfig */;
			buildSettings = {
				ALWAYS_EMBED_SWIFT_STANDARD_LIBRARIES = "$(inherited)";
				BUNDLE_LOADER = "$(TEST_HOST)";
				DEVELOPMENT_TEAM = JX5LFX27DB;
				INFOPLIST_FILE = MovieTests/Info.plist;
				LD_RUNPATH_SEARCH_PATHS = "$(inherited) @executable_path/Frameworks @loader_path/Frameworks";
				PRODUCT_BUNDLE_IDENTIFIER = com.allen.MovieTests;
				PRODUCT_NAME = "$(TARGET_NAME)";
				SWIFT_VERSION = 3.0;
				TEST_HOST = "$(BUILT_PRODUCTS_DIR)/Movie.app/Movie";
			};
			name = Release;
		};
/* End XCBuildConfiguration section */

/* Begin XCConfigurationList section */
		FA7E80D61E56DB7F00613AAE /* Build configuration list for PBXProject "Movie" */ = {
			isa = XCConfigurationList;
			buildConfigurations = (
				FA7E80F61E56DB7F00613AAE /* Debug */,
				FA7E80F71E56DB7F00613AAE /* Release */,
			);
			defaultConfigurationIsVisible = 0;
			defaultConfigurationName = Release;
		};
		FA7E80F81E56DB7F00613AAE /* Build configuration list for PBXNativeTarget "Movie" */ = {
			isa = XCConfigurationList;
			buildConfigurations = (
				FA7E80F91E56DB7F00613AAE /* Debug */,
				FA7E80FA1E56DB7F00613AAE /* Release */,
			);
			defaultConfigurationIsVisible = 0;
			defaultConfigurationName = Release;
		};
		FA7E80FB1E56DB7F00613AAE /* Build configuration list for PBXNativeTarget "MovieTests" */ = {
			isa = XCConfigurationList;
			buildConfigurations = (
				FA7E80FC1E56DB7F00613AAE /* Debug */,
				FA7E80FD1E56DB7F00613AAE /* Release */,
			);
			defaultConfigurationIsVisible = 0;
			defaultConfigurationName = Release;
		};
/* End XCConfigurationList section */
	};
	rootObject = FA7E80D31E56DB7F00613AAE /* Project object */;
}
